
Microsoft Visual Studio Solution File, Format Version 12.00
# Visual Studio Version 17
VisualStudioVersion = 17.9.34728.123
MinimumVisualStudioVersion = 10.0.40219.1
Project("{9A19103F-16F7-4668-BE54-9A1E7A4F7556}") = "RealEstate.WebApi", "RealEstate.WebApi\RealEstate.WebApi.csproj", "{22211275-0940-4AC2-BACA-8DD3C794F34A}"
EndProject
Project("{9A19103F-16F7-4668-BE54-9A1E7A4F7556}") = "RealEstate.Domain", "RealEstate.Domain\RealEstate.Domain.csproj", "{267BED90-F1D5-4432-9A6B-03CDEADE5C76}"
EndProject
Project("{9A19103F-16F7-4668-BE54-9A1E7A4F7556}") = "RealEstate.Infra", "RealEstate.Infra\RealEstate.Infra.csproj", "{FA4A0F51-522D-4E19-9EBD-A2422087FA35}"
EndProject
Project("{9A19103F-16F7-4668-BE54-9A1E7A4F7556}") = "RealEstate.Service", "RealEstate.Service\RealEstate.Service.csproj", "{9DEEC964-02CC-4579-A694-3E28B604BE06}"
EndProject
Project("{2150E333-8FDC-42A3-9474-1A3956D46DE8}") = "src", "src", "{B284E4C5-5474-4D29-94C0-19A509BAA30C}"
EndProject
Project("{2150E333-8FDC-42A3-9474-1A3956D46DE8}") = "test", "test", "{10639BF6-38A9-49BE-A40B-6851C9BAF12A}"
EndProject
Project("{FAE04EC0-301F-11D3-BF4B-00C04F79EFBC}") = "RealEstate.Console", "RealEstate.Console\RealEstate.Console.csproj", "{8D757B72-8AD6-4CBF-BFBC-00FFE4936892}"
EndProject
Project("{FAE04EC0-301F-11D3-BF4B-00C04F79EFBC}") = "Test.RealEstate.Services", "Test.RealEstate.Services\Test.RealEstate.Services.csproj", "{E1531761-5E17-40A5-8559-AE16B2B5E421}"
EndProject
Project("{FAE04EC0-301F-11D3-BF4B-00C04F79EFBC}") = "Test.RealEstate.Domain", "Test.RealEstate.Domain\Test.RealEstate.Domain.csproj", "{72EA763D-BF38-44FF-A35C-C058FE31AD77}"
EndProject
Project("{FAE04EC0-301F-11D3-BF4B-00C04F79EFBC}") = "Test.RealEstate.Infra", "Test.RealEstate.Infra\Test.RealEstate.Infra.csproj", "{F8ECD37F-C322-458F-BA07-2292B4D431EE}"
EndProject
Global
	GlobalSection(SolutionConfigurationPlatforms) = preSolution
		Debug|Any CPU = Debug|Any CPU
		Release|Any CPU = Release|Any CPU
	EndGlobalSection
	GlobalSection(ProjectConfigurationPlatforms) = postSolution
		{22211275-0940-4AC2-BACA-8DD3C794F34A}.Debug|Any CPU.ActiveCfg = Debug|Any CPU
		{22211275-0940-4AC2-BACA-8DD3C794F34A}.Debug|Any CPU.Build.0 = Debug|Any CPU
		{22211275-0940-4AC2-BACA-8DD3C794F34A}.Release|Any CPU.ActiveCfg = Release|Any CPU
		{22211275-0940-4AC2-BACA-8DD3C794F34A}.Release|Any CPU.Build.0 = Release|Any CPU
		{267BED90-F1D5-4432-9A6B-03CDEADE5C76}.Debug|Any CPU.ActiveCfg = Debug|Any CPU
		{267BED90-F1D5-4432-9A6B-03CDEADE5C76}.Debug|Any CPU.Build.0 = Debug|Any CPU
		{267BED90-F1D5-4432-9A6B-03CDEADE5C76}.Release|Any CPU.ActiveCfg = Release|Any CPU
		{267BED90-F1D5-4432-9A6B-03CDEADE5C76}.Release|Any CPU.Build.0 = Release|Any CPU
		{FA4A0F51-522D-4E19-9EBD-A2422087FA35}.Debug|Any CPU.ActiveCfg = Debug|Any CPU
		{FA4A0F51-522D-4E19-9EBD-A2422087FA35}.Debug|Any CPU.Build.0 = Debug|Any CPU
		{FA4A0F51-522D-4E19-9EBD-A2422087FA35}.Release|Any CPU.ActiveCfg = Release|Any CPU
		{FA4A0F51-522D-4E19-9EBD-A2422087FA35}.Release|Any CPU.Build.0 = Release|Any CPU
		{9DEEC964-02CC-4579-A694-3E28B604BE06}.Debug|Any CPU.ActiveCfg = Debug|Any CPU
		{9DEEC964-02CC-4579-A694-3E28B604BE06}.Debug|Any CPU.Build.0 = Debug|Any CPU
		{9DEEC964-02CC-4579-A694-3E28B604BE06}.Release|Any CPU.ActiveCfg = Release|Any CPU
		{9DEEC964-02CC-4579-A694-3E28B604BE06}.Release|Any CPU.Build.0 = Release|Any CPU
		{8D757B72-8AD6-4CBF-BFBC-00FFE4936892}.Debug|Any CPU.ActiveCfg = Debug|Any CPU
		{8D757B72-8AD6-4CBF-BFBC-00FFE4936892}.Debug|Any CPU.Build.0 = Debug|Any CPU
		{8D757B72-8AD6-4CBF-BFBC-00FFE4936892}.Release|Any CPU.ActiveCfg = Release|Any CPU
		{8D757B72-8AD6-4CBF-BFBC-00FFE4936892}.Release|Any CPU.Build.0 = Release|Any CPU
		{E1531761-5E17-40A5-8559-AE16B2B5E421}.Debug|Any CPU.ActiveCfg = Debug|Any CPU
		{E1531761-5E17-40A5-8559-AE16B2B5E421}.Debug|Any CPU.Build.0 = Debug|Any CPU
		{E1531761-5E17-40A5-8559-AE16B2B5E421}.Release|Any CPU.ActiveCfg = Release|Any CPU
		{E1531761-5E17-40A5-8559-AE16B2B5E421}.Release|Any CPU.Build.0 = Release|Any CPU
		{72EA763D-BF38-44FF-A35C-C058FE31AD77}.Debug|Any CPU.ActiveCfg = Debug|Any CPU
		{72EA763D-BF38-44FF-A35C-C058FE31AD77}.Debug|Any CPU.Build.0 = Debug|Any CPU
		{72EA763D-BF38-44FF-A35C-C058FE31AD77}.Release|Any CPU.ActiveCfg = Release|Any CPU
		{72EA763D-BF38-44FF-A35C-C058FE31AD77}.Release|Any CPU.Build.0 = Release|Any CPU
		{F8ECD37F-C322-458F-BA07-2292B4D431EE}.Debug|Any CPU.ActiveCfg = Debug|Any CPU
		{F8ECD37F-C322-458F-BA07-2292B4D431EE}.Debug|Any CPU.Build.0 = Debug|Any CPU
		{F8ECD37F-C322-458F-BA07-2292B4D431EE}.Release|Any CPU.ActiveCfg = Release|Any CPU
		{F8ECD37F-C322-458F-BA07-2292B4D431EE}.Release|Any CPU.Build.0 = Release|Any CPU
	EndGlobalSection
	GlobalSection(SolutionProperties) = preSolution
		HideSolutionNode = FALSE
	EndGlobalSection
	GlobalSection(ExtensibilityGlobals) = postSolution
		SolutionGuid = {141BA51E-95FA-4B28-AE4F-D7688BED8F66}
	EndGlobalSection
	GlobalSection(NestedProjects) = preSolution
		{267BED90-F1D5-4432-9A6B-03CDEADE5C76} = {B284E4C5-5474-4D29-94C0-19A509BAA30C}
		{FA4A0F51-522D-4E19-9EBD-A2422087FA35} = {B284E4C5-5474-4D29-94C0-19A509BAA30C}
		{9DEEC964-02CC-4579-A694-3E28B604BE06} = {B284E4C5-5474-4D29-94C0-19A509BAA30C}
		{22211275-0940-4AC2-BACA-8DD3C794F34A} = {B284E4C5-5474-4D29-94C0-19A509BAA30C}
		{8D757B72-8AD6-4CBF-BFBC-00FFE4936892} = {B284E4C5-5474-4D29-94C0-19A509BAA30C}
		{E1531761-5E17-40A5-8559-AE16B2B5E421} = {10639BF6-38A9-49BE-A40B-6851C9BAF12A}
		{72EA763D-BF38-44FF-A35C-C058FE31AD77} = {10639BF6-38A9-49BE-A40B-6851C9BAF12A}
		{F8ECD37F-C322-458F-BA07-2292B4D431EE} = {10639BF6-38A9-49BE-A40B-6851C9BAF12A}
	EndGlobalSection
EndGlobal
